
Microsoft Visual Studio Solution File, Format Version 12.00
# Visual Studio 15
Project("{FAE04EC0-301F-11D3-BF4B-00C04F79EFBC}") = "Assembly-CSharp", "Assembly-CSharp.csproj", "{50DF83D2-1027-3257-30A1-C0F120636CCB}"
EndProject
Project("{FAE04EC0-301F-11D3-BF4B-00C04F79EFBC}") = "Assembly-CSharp-Editor", "Assembly-CSharp-Editor.csproj", "{C40A4DCC-0F10-DE6B-C621-DBB28B70043A}"
EndProject
Global
	GlobalSection(SolutionConfigurationPlatforms) = preSolution
		Debug|Any CPU = Debug|Any CPU
		Release|Any CPU = Release|Any CPU
	EndGlobalSection
	GlobalSection(ProjectConfigurationPlatforms) = postSolution
		{50DF83D2-1027-3257-30A1-C0F120636CCB}.Debug|Any CPU.ActiveCfg = Debug|Any CPU
		{50DF83D2-1027-3257-30A1-C0F120636CCB}.Debug|Any CPU.Build.0 = Debug|Any CPU
		{50DF83D2-1027-3257-30A1-C0F120636CCB}.Release|Any CPU.ActiveCfg = Release|Any CPU
		{50DF83D2-1027-3257-30A1-C0F120636CCB}.Release|Any CPU.Build.0 = Release|Any CPU
		{C40A4DCC-0F10-DE6B-C621-DBB28B70043A}.Debug|Any CPU.ActiveCfg = Debug|Any CPU
		{C40A4DCC-0F10-DE6B-C621-DBB28B70043A}.Debug|Any CPU.Build.0 = Debug|Any CPU
		{C40A4DCC-0F10-DE6B-C621-DBB28B70043A}.Release|Any CPU.ActiveCfg = Release|Any CPU
		{C40A4DCC-0F10-DE6B-C621-DBB28B70043A}.Release|Any CPU.Build.0 = Release|Any CPU
	EndGlobalSection
	GlobalSection(SolutionProperties) = preSolution
		HideSolutionNode = FALSE
	EndGlobalSection
EndGlobal
